github.com/BurntSushi/toml v0.3.1/go.mod h1:xHWCNGjB5oqiDr8zfno3MHue2Ht5sIBksp03qcyfWMU=
github.com/aliyun/aliyun-oss-go-sdk v2.1.4+incompatible/go.mod h1:T/Aws4fEfogEE9v+HPhhw+CntffsBHJ8nXQCwKr0/g8=
github.com/baiyubin/aliyun-sts-go-sdk v0.0.0-20180326062324-cfa1a18b161f/go.mod h1:AuiFmCCPBSrqvVMvuqFuk0qogytodnVFVSN5CeJB8Gc=
github.com/benbjohnson/clock v1.1.0 h1:Q92kusRqC1XV2MjkWETPvjJVqKetz1OzxZB7mHJLju8=
github.com/benbjohnson/clock v1.1.0/go.mod h1:J11/hYXuz8f4ySSvYwY0FKfm+ezbsZBKZxNJlLklBHA=
github.com/bytedance/sonic v1.5.0/go.mod h1:ED5hyg4y6t3/9Ku1R6dU/4KyJ48DZ4jPhfY1O2AihPM=
github.com/bytedance/sonic v1.10.0-rc/go.mod h1:ElCzW+ufi8qKqNW0FY314xriJhyJhuoJ3gFZdAHF7NM=
github.com/bytedance/sonic v1.10.2 h1:GQebETVBxYB7JGWJtLBi07OVzWwt+8dWA00gEVW2ZFE=
github.com/bytedance/sonic v1.10.2/go.mod h1:iZcSUejdk5aukTND/Eu/ivjQuEL0Cu9/rf50Hi0u/g4=
github.com/chenzhuoyu/base64x v0.0.0-20211019084208-fb5309c8db06/go.mod h1:DH46F32mSOjUmXrMHnKwZdA8wcEefY7UVqBKYGjpdQY=
github.com/chenzhuoyu/base64x v0.0.0-20221115062448-fe3a3abad311/go.mod h1:b583jCggY9gE99b6G5LEC39OIiVsWj+R97kbl5odCEk=
github.com/chenzhuoyu/base64x v0.0.0-20230717121745-296ad89f973d h1:77cEq6EriyTZ0g/qfRdp61a3Uu/AWrgIq2s0ClJV1g0=
github.com/chenzhuoyu/base64x v0.0.0-20230717121745-296ad89f973d/go.mod h1:8EPpVsBuRksnlj1mLy4AWzRNQYxauNi62uWcE3to6eA=
github.com/chenzhuoyu/iasm v0.9.0/go.mod h1:Xjy2NpN3h7aUqeqM+woSuuvxmIe6+DDsiNLIrkAmYog=
github.com/chenzhuoyu/iasm v0.9.1 h1:tUHQJXo3NhBqw6s33wkGn9SP3bvrWLdlVIJ3hQBL7P0=
github.com/chenzhuoyu/iasm v0.9.1/go.mod h1:Xjy2NpN3h7aUqeqM+woSuuvxmIe6+DDsiNLIrkAmYog=
github.com/chromedp/cdproto v0.0.0-20210713064928-7d28b402946a/go.mod h1:At5TxYYdxkbQL0TSefRjhLE3Q0lgvqKKMSFUglJ7i1U=
github.com/chromedp/cdproto v0.0.0-20210721224921-12abf3292481 h1:tBjBCkZqFWLEdQ7lifs6IU/Y9OJwZfcmkfirHuPVV6o=
github.com/chromedp/cdproto v0.0.0-20210721224921-12abf3292481/go.mod h1:At5TxYYdxkbQL0TSefRjhLE3Q0lgvqKKMSFUglJ7i1U=
github.com/chromedp/cdproto v0.0.0-20231011050154-1d073bb38998/go.mod h1:GKljq0VrfU4D5yc+2qA6OVr8pmO/MBbPEWqWQ/oqGEs=
github.com/chromedp/cdproto v0.0.0-20240102194822-c006b26f21c7 h1:XDMhsjCzDu+sTkUz2VJxBINfDhbcoHHzJWWVqBt9WpA=
github.com/chromedp/cdproto v0.0.0-20240102194822-c006b26f21c7/go.mod h1:GKljq0VrfU4D5yc+2qA6OVr8pmO/MBbPEWqWQ/oqGEs=
github.com/chromedp/chromedp v0.7.4 h1:U+0d3WbB/Oj4mDuBOI0P7S3PJEued5UZIl5AJ3QulwU=
github.com/chromedp/chromedp v0.7.4/go.mod h1:dBj+SXuQHznp6ZPwZeDDEBZKwclUwDLbZ0hjMialMYs=
github.com/chromedp/chromedp v0.9.3 h1:Wq58e0dZOdHsxaj9Owmfcf+ibtpYN1N0FWVbaxa/esg=
github.com/chromedp/chromedp v0.9.3/go.mod h1:NipeUkUcuzIdFbBP8eNNvl9upcceOfWzoJn6cRe4ksA=
github.com/chromedp/sysutil v1.0.0 h1:+ZxhTpfpZlmchB58ih/LBHX52ky7w2VhQVKQMucy3Ic=
github.com/chromedp/sysutil v1.0.0/go.mod h1:kgWmDdq8fTzXYcKIBqIYvRRTnYb9aNS9moAV0xufSww=
github.com/davecgh/go-spew v1.1.0/go.mod h1:J7Y8YcW2NihsgmVo/mv3lAwl/skON4iLHjSsI+c5H38=
github.com/davecgh/go-spew v1.1.1 h1:vj9j/u1bqnvCEfJOwUhtlOARqs3+rkHYY13jYWTU97c=
github.com/davecgh/go-spew v1.1.1/go.mod h1:J7Y8YcW2NihsgmVo/mv3lAwl/skON4iLHjSsI+c5H38=
github.com/fastly/go-utils v0.0.0-20180712184237-d95a45783239 h1:Ghm4eQYC0nEPnSJdVkTrXpu9KtoVCSo1hg7mtI7G9KU=
github.com/fastly/go-utils v0.0.0-20180712184237-d95a45783239/go.mod h1:Gdwt2ce0yfBxPvZrHkprdPPTTS3N5rwmLE8T22KBXlw=
github.com/gabriel-vasile/mimetype v1.4.3 h1:in2uUcidCuFcDKtdcBxlR0rJ1+fsokWf+uqxgUFjbI0=
github.com/gabriel-vasile/mimetype v1.4.3/go.mod h1:d8uq/6HKRL6CGdk+aubisF/M5GcPfT7nKyLpA0lbSSk=
github.com/gin-contrib/sse v0.1.0 h1:Y/yl/+YNO8GZSjAhjMsSuLt29uWRFHdHYUb5lYOV9qE=
github.com/gin-contrib/sse v0.1.0/go.mod h1:RHrZQHXnP2xjPF+u1gW/2HnVO7nvIa9PG3Gm+fLHvGI=
github.com/gin-gonic/gin v1.6.3/go.mod h1:75u5sXoLsGZoRN5Sgbi1eraJ4GU3++wFwWzhwvtwp4M=
github.com/gin-gonic/gin v1.7.2 h1:Tg03T9yM2xa8j6I3Z3oqLaQRSmKvxPd6g/2HJ6zICFA=
github.com/gin-gonic/gin v1.7.2/go.mod h1:jD2toBW3GZUr5UMcdrwQA10I7RuaFOl/SGeDjXkfUtY=
github.com/gin-gonic/gin v1.9.1 h1:4idEAncQnU5cB7BeOkPtxjfCSye0AAm1R0RVIqJ+Jmg=
github.com/gin-gonic/gin v1.9.1/go.mod h1:hPrL7YrpYKXt5YId3A/Tnip5kqbEAP+KLuI3SUcPTeU=
github.com/go-playground/assert/v2 v2.0.1 h1:MsBgLAaY856+nPRTKrp3/OZK38U/wa0CcBYNjji3q3A=
github.com/go-playground/assert/v2 v2.0.1/go.mod h1:VDjEfimB/XKnb+ZQfWdccd7VUvScMdVu0Titje2rxJ4=
github.com/go-playground/locales v0.13.0 h1:HyWk6mgj5qFqCT5fjGBuRArbVDfE4hi8+e8ceBS/t7Q=
github.com/go-playground/locales v0.13.0/go.mod h1:taPMhCMXrRLJO55olJkUXHZBHCxTMfnGwq/HNwmWNS8=
github.com/go-playground/locales v0.14.1 h1:EWaQ/wswjilfKLTECiXz7Rh+3BjFhfDFKv/oXslEjJA=
github.com/go-playground/locales v0.14.1/go.mod h1:hxrqLVvrK65+Rwrd5Fc6F2O76J/NuW9t0sjnWqG1slY=
github.com/go-playground/universal-translator v0.17.0 h1:icxd5fm+REJzpZx7ZfpaD876Lmtgy7VtROAbHHXk8no=
github.com/go-playground/universal-translator v0.17.0/go.mod h1:UkSxE5sNxxRwHyU+Scu5vgOQjsIJAF8j9muTVoKLVtA=
github.com/go-playground/universal-translator v0.18.1 h1:Bcnm0ZwsGyWbCzImXv+pAJnYK9S473LQFuzCbDbfSFY=
github.com/go-playground/universal-translator v0.18.1/go.mod h1:xekY+UJKNuX9WP91TpwSH2VMlDf28Uj24BCp08ZFTUY=
github.com/go-playground/validator/v10 v10.2.0/go.mod h1:uOYAAleCW8F/7oMFd6aG0GOhaH6EGOAJShg8Id5JGkI=
github.com/go-playground/validator/v10 v10.4.1 h1:pH2c5ADXtd66mxoE0Zm9SUhxE20r7aM3F26W0hOn+GE=
github.com/go-playground/validator/v10 v10.4.1/go.mod h1:nlOn6nFhuKACm19sB/8EGNn9GlaMV7XkbRSipzJ0Ii4=
github.com/go-playground/validator/v10 v10.16.0 h1:x+plE831WK4vaKHO/jpgUGsvLKIqRRkz6M78GuJAfGE=
github.com/go-playground/validator/v10 v10.16.0/go.mod h1:9iXMNT7sEkjXb0I+enO7QXmzG6QCsPWY4zveKFVRSyU=
github.com/gobwas/httphead v0.1.0 h1:exrUm0f4YX0L7EBwZHuCF4GDp8aJfVeBrlLQrs6NqWU=
github.com/gobwas/httphead v0.1.0/go.mod h1:O/RXo79gxV8G+RqlR/otEwx4Q36zl9rqC5u12GKvMCM=
github.com/gobwas/pool v0.2.1 h1:xfeeEhW7pwmX8nuLVlqbzVc7udMDrwetjEv+TZIz1og=
github.com/gobwas/pool v0.2.1/go.mod h1:q8bcK0KcYlCgd9e7WYLm9LpyS+YeLd8JVDW6WezmKEw=
github.com/gobwas/ws v1.1.0 h1:7RFti/xnNkMJnrK7D1yQ/iCIB5OrrY/54/H930kIbHA=
github.com/gobwas/ws v1.1.0/go.mod h1:nzvNcVha5eUziGrbxFCo6qFIojQHjJV5cLYIbezhfL0=
github.com/gobwas/ws v1.3.0/go.mod h1:hRKAFb8wOxFROYNsT1bqfWnhX+b5MFeJM9r2ZSwg/KY=
github.com/gobwas/ws v1.3.2 h1:zlnbNHxumkRvfPWgfXu8RBwyNR1x8wh9cf5PTOCqs9Q=
github.com/gobwas/ws v1.3.2/go.mod h1:hRKAFb8wOxFROYNsT1bqfWnhX+b5MFeJM9r2ZSwg/KY=
github.com/goccy/go-json v0.10.2 h1:CrxCmQqYDkv1z7lO7Wbh2HN93uovUHgrECaO5ZrCXAU=
github.com/goccy/go-json v0.10.2/go.mod h1:6MelG93GURQebXPDq3khkgXZkazVtN9CRI+MGFi0w8I=
github.com/gofrs/uuid v3.3.0+incompatible h1:8K4tyRfvU1CYPgJsveYFQMhpFd/wXNM7iK6rR7UHz84=
github.com/gofrs/uuid v3.3.0+incompatible/go.mod h1:b2aQJv3Z4Fp6yNu3cdSllBxTCLRxnplIgP/c0N/04lM=
github.com/gofrs/uuid v4.4.0+incompatible h1:3qXRTX8/NbyulANqlc0lchS1gqAVxRgsuW1YrTJupqA=
github.com/gofrs/uuid v4.4.0+incompatible/go.mod h1:b2aQJv3Z4Fp6yNu3cdSllBxTCLRxnplIgP/c0N/04lM=
github.com/golang/protobuf v1.3.3 h1:gyjaxf+svBWX08ZjK86iN9geUJF0H6gp2IRKX6Nf6/I=
github.com/golang/protobuf v1.3.3/go.mod h1:vzj43D7+SQXF/4pzW/hwtAqwc6iTitCiVSaWz5lYuqw=
github.com/golang/protobuf v1.5.0/go.mod h1:FsONVRAS9T7sI+LIUmWTfcYkHO4aIWwzhcaSAoJOfIk=
github.com/golang/protobuf v1.5.3 h1:KhyjKVUg7Usr/dYsdSqoFveMYd5ko72D+zANwlG1mmg=
github.com/golang/protobuf v1.5.3/go.mod h1:XVQd3VNwM+JqD3oG2Ue2ip4fOMUkwXdXDdiuN0vRsmY=
github.com/gomodule/redigo v1.8.3/go.mod h1:P9dn9mFrCBvWhGE1wpxx6fgq7BAeLBk+UUUzlpkBYO0=
github.com/google/go-cmp v0.5.5/go.mod h1:v8dTdLbMG2kIc/vJvl+f65V22dbkXbowE6jgT/gNBxE=
github.com/google/gofuzz v1.0.0/go.mod h1:dBl0BpW6vV/+mYPU4Po3pmUjxk6FQPldtuIdl/M65Eg=
github.com/google/renameio v0.1.0/go.mod h1:KWCgfxg9yswjAJkECMjeO8J8rahYeXnNhOm40UhjYkI=
github.com/jehiah/go-strftime v0.0.0-20171201141054-1d33003b3869 h1:IPJ3dvxmJ4uczJe5YQdrYB16oTJlGSC/OyZDqUk9xX4=
github.com/jehiah/go-strftime v0.0.0-20171201141054-1d33003b3869/go.mod h1:cJ6Cj7dQo+O6GJNiMx+Pa94qKj+TG8ONdKHgMNIyyag=
github.com/jonboulle/clockwork v0.2.2 h1:UOGuzwb1PwsrDAObMuhUnj0p5ULPj8V/xJ7Kx9qUBdQ=
github.com/jonboulle/clockwork v0.2.2/go.mod h1:Pkfl5aHPm1nk2H9h0bjmnJD/BcgbGXUBGnn1kMkgxc8=
github.com/josharian/intern v1.0.0 h1:vlS4z54oSdjm0bgjRigI+G1HpF+tI+9rE5LLzOg8HmY=
github.com/josharian/intern v1.0.0/go.mod h1:5DoeVV0s6jJacbCEi61lwdGj/aVlrQvzHFFd8Hwg//Y=
github.com/json-iterator/go v1.1.9 h1:9yzud/Ht36ygwatGx56VwCZtlI/2AD15T1X2sjSuGns=
github.com/json-iterator/go v1.1.9/go.mod h1:KdQUCv79m/52Kvf8AW2vK1V8akMuk1QjK/uOdHXbAo4=
github.com/json-iterator/go v1.1.12 h1:PV8peI4a0ysnczrg+LtxykD8LfKY9ML6u2jnxaEnrnM=
github.com/json-iterator/go v1.1.12/go.mod h1:e30LSqwooZae/UwlEbR2852Gd8hjQvJoHmT4TnhNGBo=
github.com/kisielk/gotool v1.0.0/go.mod h1:XhKaO+MFFWcvkIS/tQcRk01m1F5IRFswLeQ+oQHNcck=
github.com/klauspost/cpuid/v2 v2.0.9/go.mod h1:FInQzS24/EEf25PyTYn52gqo7WaD8xa0213Md/qVLRg=
github.com/klauspost/cpuid/v2 v2.2.6 h1:ndNyv040zDGIDh8thGkXYjnFtiN02M1PVVF+JE/48xc=
github.com/klauspost/cpuid/v2 v2.2.6/go.mod h1:Lcz8mBdAVJIBVzewtcLocK12l3Y+JytZYpaMropDUws=
github.com/knz/go-libedit v1.10.1 h1:0pHpWtx9vcvC0xGZqEQlQdfSQs7WRlAjuPvk3fOZDCo=
github.com/knz/go-libedit v1.10.1/go.mod h1:MZTVkCWyz0oBc7JOWP3wNAzd002ZbM/5hgShxwh4x8M=
github.com/kr/pretty v0.1.0 h1:L/CwN0zerZDmRFUapSPitk6f+Q3+0za1rQkzVuMiMFI=
github.com/kr/pretty v0.1.0/go.mod h1:dAy3ld7l9f0ibDNOQOHHMYYIIbhfbHSm3C4ZsoJORNo=
github.com/kr/pty v1.1.1/go.mod h1:pFQYn66WHrOpPYNljwOMqo10TkYh1fy3cYio2l3bCsQ=
github.com/kr/text v0.1.0 h1:45sCR5RtlFHMR4UwH9sdQ5TC8v0qDQCHnXt+kaKSTVE=
github.com/kr/text v0.1.0/go.mod h1:4Jbv+DJW3UT/LiOwJeYQe1efqtUx/iVham/4vfdArNI=
github.com/ledongthuc/pdf v0.0.0-20220302134840-0c2507a12d80/go.mod h1:imJHygn/1yfhB7XSJJKlFZKl/J+dCPAknuiaGOshXAs=
github.com/leodido/go-urn v1.2.0 h1:hpXL4XnriNwQ/ABnpepYM/1vCLWNDfUNts8dX3xTG6Y=
github.com/leodido/go-urn v1.2.0/go.mod h1:+8+nEpDfqqsY+g338gtMEUOtuK+4dEMhiQEgxpxOKII=
github.com/leodido/go-urn v1.2.4 h1:XlAE/cm/ms7TE/VMVoduSpNBoyc2dOxHs5MZSwAN63Q=
github.com/leodido/go-urn v1.2.4/go.mod h1:7ZrI8mTSeBSHl/UaRyKQW1qZeMgak41ANeCNaVckg+4=
github.com/lestrrat-go/envload v0.0.0-20180220234015-a3eb8ddeffcc h1:RKf14vYWi2ttpEmkA4aQ3j4u9dStX2t4M8UM6qqNsG8=
github.com/lestrrat-go/envload v0.0.0-20180220234015-a3eb8ddeffcc/go.mod h1:kopuH9ugFRkIXf3YoqHKyrJ9YfUFsckUU9S7B+XP+is=
github.com/lestrrat-go/file-rotatelogs v2.4.0+incompatible h1:Y6sqxHMyB1D2YSzWkLibYKgg+SwmyFU9dF2hn6MdTj4=
github.com/lestrrat-go/file-rotatelogs v2.4.0+incompatible/go.mod h1:ZQnN8lSECaebrkQytbHj4xNgtg8CR7RYXnPok8e0EHA=
github.com/lestrrat-go/strftime v1.0.3 h1:qqOPU7y+TM8Y803I8fG9c/DyKG3xH/xkng6keC1015Q=
github.com/lestrrat-go/strftime v1.0.3/go.mod h1:E1nN3pCbtMSu1yjSVeyuRFVm/U0xoR76fd03sz+Qz4g=
github.com/lestrrat-go/strftime v1.0.6 h1:CFGsDEt1pOpFNU+TJB0nhz9jl+K0hZSLE205AhTIGQQ=
github.com/lestrrat-go/strftime v1.0.6/go.mod h1:f7jQKgV5nnJpYgdEasS+/y7EsTb8ykN2z68n3TtcTaw=
github.com/mailru/easyjson v0.7.7 h1:UGYAvKxe3sBsEDzO8ZeWOSlIQfWFlxbzLZe7hwFURr0=
github.com/mailru/easyjson v0.7.7/go.mod h1:xzfreul335JAWq5oZzymOObrkdz5UnU4kGfJJLY9Nlc=
github.com/mattn/go-isatty v0.0.12 h1:wuysRhFDzyxgEmMf5xjvJ2M9dZoWAXNNr5LSBS7uHXY=
github.com/mattn/go-isatty v0.0.12/go.mod h1:cbi8OIDigv2wuxKPP5vlRcQ1OAZbq2CE4Kysco4FUpU=
github.com/mattn/go-isatty v0.0.20 h1:xfD0iDuEKnDkl03q4limB+vH+GxLEtL/jb4xVJSWWEY=
github.com/mattn/go-isatty v0.0.20/go.mod h1:W+V8PltTTMOvKvAeJH7IuucS94S2C6jfK/D7dTCTo3Y=
github.com/modern-go/concurrent v0.0.0-20180228061459-e0a39a4cb421/go.mod h1:6dJC0mAP4ikYIbvyc7fijjWJddQyLn8Ig3JB5CqoB9Q=
github.com/modern-go/concurrent v0.0.0-20180306012644-bacd9c7ef1dd h1:TRLaZ9cD/w8PVh93nsPXa1VrQ6jlwL5oN8l14QlcNfg=
github.com/modern-go/concurrent v0.0.0-20180306012644-bacd9c7ef1dd/go.mod h1:6dJC0mAP4ikYIbvyc7fijjWJddQyLn8Ig3JB5CqoB9Q=
github.com/modern-go/reflect2 v0.0.0-20180701023420-4b7aa43c6742/go.mod h1:bx2lNnkwVCuqBIxFjflWJWanXIb3RllmbCylyMrvgv0=
github.com/modern-go/reflect2 v1.0.1 h1:9f412s+6RmYXLWZSEzVVgPGK7C2PphHj5RJrvfx9AWI=
github.com/modern-go/reflect2 v1.0.1/go.mod h1:bx2lNnkwVCuqBIxFjflWJWanXIb3RllmbCylyMrvgv0=
github.com/modern-go/reflect2 v1.0.2 h1:xBagoLtFs94CBntxluKeaWgTMpvLxC4ur3nMaC9Gz0M=
github.com/modern-go/reflect2 v1.0.2/go.mod h1:yWuevngMOJpCy52FWWMvUC8ws7m/LJsjYzDa0/r8luk=
github.com/nie312122330/niexq-gotools v0.6.2 h1:ce7aCA95Tg11wiDnlC0i8IYn3uTNFFkFLoKX58qaf98=
github.com/nie312122330/niexq-gotools v0.6.2/go.mod h1:NUV1CNl8ILkpoRADIhI9gmO03hslQFf+9xBFvJw/yvQ=
github.com/nie312122330/niexq-gotools v0.6.8 h1:XCL9BAE6HtONooYRcJJ1IDwGwLfTMV5cCwymIA5JDbY=
github.com/nie312122330/niexq-gotools v0.6.8/go.mod h1:NUV1CNl8ILkpoRADIhI9gmO03hslQFf+9xBFvJw/yvQ=
github.com/nie312122330/niexq-gowebapi v0.0.5 h1:d1z8tynGFwCganzLrMLuXDHAZ4yuQA25+DNET/Ikgmw=
github.com/nie312122330/niexq-gowebapi v0.0.5/go.mod h1:p6ATBk98Rn0UZSZYt/HPEVKJUK67JWZl1BA9P10PXQ8=
github.com/nie312122330/niexq-gowebapi v0.0.6 h1:t8xny6Z0QTbArqkh0t6WP1e7NELGv/+NpgriXNW9RXQ=
github.com/nie312122330/niexq-gowebapi v0.0.6/go.mod h1:p6ATBk98Rn0UZSZYt/HPEVKJUK67JWZl1BA9P10PXQ8=
github.com/orisano/pixelmatch v0.0.0-20210112091706-4fa4c7ba91d5 h1:1SoBaSPudixRecmlHXb/GxmaD3fLMtHIDN13QujwQuc=
github.com/orisano/pixelmatch v0.0.0-20210112091706-4fa4c7ba91d5/go.mod h1:nZgzbfBr3hhjoZnS66nKrHmduYNpc34ny7RK4z5/HM0=
github.com/orisano/pixelmatch v0.0.0-20220722002657-fb0b55479cde/go.mod h1:nZgzbfBr3hhjoZnS66nKrHmduYNpc34ny7RK4z5/HM0=
github.com/pelletier/go-toml/v2 v2.1.1 h1:LWAJwfNvjQZCFIDKWYQaM62NcYeYViCmWIwmOStowAI=
github.com/pelletier/go-toml/v2 v2.1.1/go.mod h1:tJU2Z3ZkXwnxa4DPO899bsyIoywizdUvyaeZurnPPDc=
github.com/pkg/errors v0.8.1 h1:iURUrRGxPUNPdy5/HRSm+Yj6okJ6UtLINN0Q9M4+h3I=
github.com/pkg/errors v0.8.1/go.mod h1:bwawxfHBFNV+L2hUp1rHADufV3IMtnDRdf1r5NINEl0=
github.com/pkg/errors v0.9.1 h1:FEBLx1zS214owpjy7qsBeixbURkuhQAwrK5UwLGTwt4=
github.com/pkg/errors v0.9.1/go.mod h1:bwawxfHBFNV+L2hUp1rHADufV3IMtnDRdf1r5NINEl0=
github.com/pmezard/go-difflib v1.0.0 h1:4DBwDE0NGyQoBHbLQYPwSUPoCMWR5BEzIk/f1lZbAQM=
github.com/pmezard/go-difflib v1.0.0/go.mod h1:iKH77koFhYxTK1pcRnkKkqfTogsbg7gZNVY4sRDYZ/4=
github.com/robfig/cron/v3 v3.0.1 h1:WdRxkvbJztn8LMz/QEvLN5sBU+xKpSqwwUO1Pjr4qDs=
github.com/robfig/cron/v3 v3.0.1/go.mod h1:eQICP3HwyT7UooqI/z+Ov+PtYAWygg1TEWWzGIFLtro=
github.com/rogpeppe/go-internal v1.3.0/go.mod h1:M8bDsm7K2OlrFYOpmOWEs/qY81heoFRclV5y23lUDJ4=
github.com/satori/go.uuid v1.2.0/go.mod h1:dA0hQrYB0VpLJoorglMZABFdXlWrHn1NEOzdhQKdks0=
github.com/stretchr/objx v0.1.0/go.mod h1:HFkY916IF+rwdDfMAkV7OtwuqBVzrE8GR6GFx+wExME=
github.com/stretchr/objx v0.4.0/go.mod h1:YvHI0jy2hoMjB+UWwv71VJQ9isScKT/TqJzVSSt89Yw=
github.com/stretchr/objx v0.5.0/go.mod h1:Yh+to48EsGEfYuaHDzXPcE3xhTkx73EhmCGUpEOglKo=
github.com/stretchr/testify v1.3.0/go.mod h1:M5WIy9Dh21IEIfnGCwXGc5bZfKNJtfHm1UVUgZn+9EI=
github.com/stretchr/testify v1.4.0/go.mod h1:j7eGeouHqKxXV5pUuKE4zz7dFj8WfuZ+81PSLYec5m4=
github.com/stretchr/testify v1.5.1/go.mod h1:5W2xD1RspED5o8YsWQXVCued0rvSQ+mT+I5cxcmMvtA=
github.com/stretchr/testify v1.6.1/go.mod h1:6Fq8oRcR53rry900zMqJjRRixrwX3KX962/h/Wwjteg=
github.com/stretchr/testify v1.7.0 h1:nwc3DEeHmmLAfoZucVR881uASk0Mfjw8xYJ99tb5CcY=
github.com/stretchr/testify v1.7.0/go.mod h1:6Fq8oRcR53rry900zMqJjRRixrwX3KX962/h/Wwjteg=
github.com/stretchr/testify v1.7.1/go.mod h1:6Fq8oRcR53rry900zMqJjRRixrwX3KX962/h/Wwjteg=
github.com/stretchr/testify v1.8.0/go.mod h1:yNjHg4UonilssWZ8iaSj1OCr/vHnekPRkoO+kdMU+MU=
github.com/stretchr/testify v1.8.1/go.mod h1:w2LPCIKwWwSfY2zedu0+kehJoqGctiVI29o6fzry7u4=
github.com/stretchr/testify v1.8.2/go.mod h1:w2LPCIKwWwSfY2zedu0+kehJoqGctiVI29o6fzry7u4=
github.com/stretchr/testify v1.8.4/go.mod h1:sz/lmYIOXD/1dqDmKjjqLyZ2RngseejIcXlSw2iwfAo=
github.com/tebeka/strftime v0.1.5 h1:1NQKN1NiQgkqd/2moD6ySP/5CoZQsKa1d3ZhJ44Jpmg=
github.com/tebeka/strftime v0.1.5/go.mod h1:29/OidkoWHdEKZqzyDLUyC+LmgDgdHo4WAFCDT7D/Ig=
github.com/twitchyliquid64/golang-asm v0.15.1 h1:SU5vSMR7hnwNxj24w34ZyCi/FmDZTkS4MhqMhdFk5YI=
github.com/twitchyliquid64/golang-asm v0.15.1/go.mod h1:a1lVb/DtPvCB8fslRZhAngC2+aY1QWCk3Cedj/Gdt08=
github.com/ugorji/go v1.1.7/go.mod h1:kZn38zHttfInRq0xu/PH0az30d+z6vm202qpg1oXVMw=
github.com/ugorji/go/codec v1.1.7 h1:2SvQaVZ1ouYrrKKwoSk2pzd4A9evlKJb9oTL+OaLUSs=
github.com/ugorji/go/codec v1.1.7/go.mod h1:Ax+UKWsSmolVDwsd+7N3ZtXu+yMGCf907BLYF3GoBXY=
github.com/ugorji/go/codec v1.2.12 h1:9LC83zGrHhuUA9l16C9AHXAqEV/2wBQ4nkvumAE65EE=
github.com/ugorji/go/codec v1.2.12/go.mod h1:UNopzCgEMSXjBc6AOMqYvWC1ktqTAfzJZUZgYf6w6lg=
github.com/yuin/goldmark v1.1.32/go.mod h1:3hX8gzYuyVAZsxl0MRgGTJEmQBFcNTphYh9decYSb74=
go.uber.org/atomic v1.6.0/go.mod h1:sABNBOSYdrvTF6hTgEIbc7YasKWGhgEQZyfxyTvoXHQ=
go.uber.org/atomic v1.7.0 h1:ADUqmZGgLDDfbSL9ZmPxKTybcoEYHgpYfELNoN+7hsw=
go.uber.org/atomic v1.7.0/go.mod h1:fEN4uk6kAWBTFdckzkM89CLk9XfWZrxpCo0nPH17wJc=
go.uber.org/atomic v1.11.0 h1:ZvwS0R+56ePWxUNi+Atn9dWONBPp/AUETXlHW0DxSjE=
go.uber.org/atomic v1.11.0/go.mod h1:LUxbIzbOniOlMKjJjyPfpl4v+PKK2cNJn91OQbhoJI0=
go.uber.org/goleak v1.1.10 h1:z+mqJhf6ss6BSfSM671tgKyZBFPTTJM+HLxnhPC3wu0=
go.uber.org/goleak v1.1.10/go.mod h1:8a7PlsEVH3e/a/GLqe5IIrQx6GzcnRmZEufDUTk4A7A=
go.uber.org/multierr v1.5.0/go.mod h1:FeouvMocqHpRaaGuG9EjoKcStLC43Zu/fmqdUMPcKYU=
go.uber.org/multierr v1.6.0 h1:y6IPFStTAIT5Ytl7/XYmHvzXQ7S3g/IeZW9hyZ5thw4=
go.uber.org/multierr v1.6.0/go.mod h1:cdWPpRnG4AhwMwsgIHip0KRBQjJy5kYEpYjJxpXp9iU=
go.uber.org/multierr v1.11.0 h1:blXXJkSxSSfBVBlC76pxqeO+LN3aDfLQo+309xJstO0=
go.uber.org/multierr v1.11.0/go.mod h1:20+QtiLqy0Nd6FdQB9TLXag12DsQkrbs3htMFfDN80Y=
go.uber.org/tools v0.0.0-20190618225709-2cfd321de3ee/go.mod h1:vJERXedbb3MVM5f9Ejo0C68/HhF8uaILCdgjnY+goOA=
go.uber.org/zap v1.16.0/go.mod h1:MA8QOfq0BHJwdXa996Y4dYkAqRKB8/1K1QMMZVaNZjQ=
go.uber.org/zap v1.18.1 h1:CSUJ2mjFszzEWt4CdKISEuChVIXGBn3lAPwkRGyVrc4=
go.uber.org/zap v1.18.1/go.mod h1:xg/QME4nWcxGxrpdeYfq7UvYrLh66cuVKdrbD1XF/NI=
go.uber.org/zap v1.26.0 h1:sI7k6L95XOKS281NhVKOFCUNIvv9e0w4BF8N3u+tCRo=
go.uber.org/zap v1.26.0/go.mod h1:dtElttAiwGvoJ/vj4IwHBS/gXsEu/pZ50mUIRWuG0so=
golang.org/x/arch v0.0.0-20210923205945-b76863e36670/go.mod h1:5om86z9Hs0C8fWVUuoMHwpExlXzs5Tkyp9hOrfG7pp8=
golang.org/x/arch v0.7.0 h1:pskyeJh/3AmoQ8CPE95vxHLqp1G1GfGNXTmcl9NEKTc=
golang.org/x/arch v0.7.0/go.mod h1:FEVrYAQjsQXMVJ1nsMoVVXPZg6p2JE2mx8psSWTDQys=
golang.org/x/crypto v0.0.0-20190308221718-c2843e01d9a2/go.mod h1:djNgcEr1/C05ACkg1iLfiJU5Ep61QUkGW8qpdssI0+w=
golang.org/x/crypto v0.0.0-20190510104115-cbcb75029529/go.mod h1:yigFU9vqHzYiE8UmvKecakEJjdnWj3jj499lnFckfCI=
golang.org/x/crypto v0.0.0-20191011191535-87dc89f01550/go.mod h1:yigFU9vqHzYiE8UmvKecakEJjdnWj3jj499lnFckfCI=
golang.org/x/crypto v0.0.0-20200622213623-75b288015ac9 h1:psW17arqaxU48Z5kZ0CQnkZWQJsqcURM6tKiBApRjXI=
golang.org/x/crypto v0.0.0-20200622213623-75b288015ac9/go.mod h1:LzIPMQfyMNhhGPhUkYOs5KpL4U8rLKemX1yGLhDgUto=
golang.org/x/crypto v0.18.0 h1:PGVlW0xEltQnzFZ55hkuX5+KLyrMYhHld1YHO4AKcdc=
golang.org/x/crypto v0.18.0/go.mod h1:R0j02AL6hcrfOiy9T4ZYp/rcWeMxM3L6QYxlOuEG1mg=
golang.org/x/lint v0.0.0-20190930215403-16217165b5de h1:5hukYrvBGR8/eNkX5mdUezrA6JiaEZDtJb9Ei+1LlBs=
golang.org/x/lint v0.0.0-20190930215403-16217165b5de/go.mod h1:6SW0HCj/g11FgYtHlgUYUwCkIfeOF89ocIRzGO/8vkc=
golang.org/x/mod v0.0.0-20190513183733-4bf6d317e70e/go.mod h1:mXi4GBBbnImb6dmsKGUJ2LatrhH/nqhxcFungHvyanc=
golang.org/x/mod v0.3.0/go.mod h1:s0Qsj1ACt9ePp/hMypM3fl4fZqREWJwdYDEqhRiZZUA=
golang.org/x/net v0.0.0-20190311183353-d8887717615a/go.mod h1:t9HGtf8HONx5eT2rtn7q6eTqICYqUVnKs3thJo3Qplg=
golang.org/x/net v0.0.0-20190404232315-eb5bcb51f2a3/go.mod h1:t9HGtf8HONx5eT2rtn7q6eTqICYqUVnKs3thJo3Qplg=
golang.org/x/net v0.0.0-20190620200207-3b0461eec859/go.mod h1:z5CRVTTTmAJ677TzLLGU+0bjPO0LkuOLi4/5GtJWs/s=
golang.org/x/net v0.0.0-20200625001655-4c5254603344/go.mod h1:/O7V0waA8r7cgGh81Ro3o1hOxt32SMVPicZroKQ2sZA=
golang.org/x/net v0.20.0 h1:aCL9BSgETF1k+blQaYUBx9hJ9LOGP3gAVemcZlf1Kpo=
golang.org/x/net v0.20.0/go.mod h1:z8BVo6PvndSri0LbOE3hAn0apkU+1YvI6E70E9jsnvY=
golang.org/x/sync v0.0.0-20190423024810-112230192c58/go.mod h1:RxMgew5VJxzue5/jJTE5uejpjVlOe/izrB70Jof72aM=
golang.org/x/sync v0.0.0-20200625203802-6e8e738ad208/go.mod h1:RxMgew5VJxzue5/jJTE5uejpjVlOe/izrB70Jof72aM=
golang.org/x/sys v0.0.0-20190215142949-d0b11bdaac8a/go.mod h1:STP8DvDyc/dI5b8T5hshtkjS+E42TnysNCUPdjciGhY=
golang.org/x/sys v0.0.0-20190412213103-97732733099d/go.mod h1:h1NjWce9XRLGQEsW7wpKNCjG9DtNlClVuFLEZdDNbEs=
golang.org/x/sys v0.0.0-20200116001909-b77594299b42/go.mod h1:h1NjWce9XRLGQEsW7wpKNCjG9DtNlClVuFLEZdDNbEs=
golang.org/x/sys v0.0.0-20200323222414-85ca7c5b95cd/go.mod h1:h1NjWce9XRLGQEsW7wpKNCjG9DtNlClVuFLEZdDNbEs=
golang.org/x/sys v0.0.0-20201207223542-d4d67f95c62d/go.mod h1:h1NjWce9XRLGQEsW7wpKNCjG9DtNlClVuFLEZdDNbEs=
golang.org/x/sys v0.0.0-20210525143221-35b2ab0089ea h1:+WiDlPBBaO+h9vPNZi8uJ3k4BkKQB7Iow3aqwHVA5hI=
golang.org/x/sys v0.0.0-20210525143221-35b2ab0089ea/go.mod h1:oPkhp1MJrh7nUepCBck5+mAzfO9JrbApNNgaTdGDITg=
golang.org/x/sys v0.5.0/go.mod h1:oPkhp1MJrh7nUepCBck5+mAzfO9JrbApNNgaTdGDITg=
golang.org/x/sys v0.6.0/go.mod h1:oPkhp1MJrh7nUepCBck5+mAzfO9JrbApNNgaTdGDITg=
golang.org/x/sys v0.16.0 h1:xWw16ngr6ZMtmxDyKyIgsE93KNKz5HKmMa3b8ALHidU=
golang.org/x/sys v0.16.0/go.mod h1:/VUhepiaJMQUp4+oa/7Zr1D23ma6VTLIYjOOTFZPUcA=
golang.org/x/text v0.3.0/go.mod h1:NqM8EUOU14njkJ3fqMW+pc6Ldnwhi/IjpwHt7yyuwOQ=
golang.org/x/text v0.3.2/go.mod h1:bEr9sfX3Q8Zfm5fL9x+3itogRgK3+ptLWKqgva+5dAk=
golang.org/x/text v0.14.0 h1:ScX5w1eTa3QqT8oi6+ziP7dTV1S2+ALU0bI+0zXKWiQ=
golang.org/x/text v0.14.0/go.mod h1:18ZOQIKpY8NJVqYksKHtTdi31H5itFRjB5/qKTNYzSU=
golang.org/x/time v0.0.0-20200630173020-3af7569d3a1e/go.mod h1:tRJNPiyCQ0inRvYxbN9jk5I+vvW/OXSQhTDSoE431IQ=
golang.org/x/tools v0.0.0-20180917221912-90fa682c2a6e/go.mod h1:n7NCudcB/nEzxVGmLbDWY5pfWTLqBcC2KZ6jyYvM4mQ=
golang.org/x/tools v0.0.0-20190311212946-11955173bddd/go.mod h1:LCzVGOaR6xXOjkQ3onu1FJEFr0SW1gC7cKk1uF8kGRs=
golang.org/x/tools v0.0.0-20190621195816-6e04913cbbac/go.mod h1:/rFqwRUd4F7ZHNgwSSTFct+R/Kf4OFW1sUzUTQQTgfc=
golang.org/x/tools v0.0.0-20191029041327-9cc4af7d6b2c/go.mod h1:b+2E5dAYhXwXZwtnZ6UAqBI28+e2cm9otk0dWdXHAEo=
golang.org/x/tools v0.0.0-20191029190741-b9c20aec41a5/go.mod h1:b+2E5dAYhXwXZwtnZ6UAqBI28+e2cm9otk0dWdXHAEo=
golang.org/x/tools v0.0.0-20191108193012-7d206e10da11/go.mod h1:b+2E5dAYhXwXZwtnZ6UAqBI28+e2cm9otk0dWdXHAEo=
golang.org/x/tools v0.0.0-20191119224855-298f0cb1881e/go.mod h1:b+2E5dAYhXwXZwtnZ6UAqBI28+e2cm9otk0dWdXHAEo=
golang.org/x/tools v0.0.0-20200820010801-b793a1359eac h1:DugppSxw0LSF8lcjaODPJZoDzq0ElTGskTst3ZaBkHI=
golang.org/x/tools v0.0.0-20200820010801-b793a1359eac/go.mod h1:njjCfa9FT2d7l9Bc6FUM5FLjQPp3cFF28FI3qnDFljA=
golang.org/x/xerrors v0.0.0-20190717185122-a985d3407aa7/go.mod h1:I/5z698sn9Ka8TeJc9MKroUUfqBBauWjQqLJ2OPfmY0=
golang.org/x/xerrors v0.0.0-20191011141410-1b5146add898/go.mod h1:I/5z698sn9Ka8TeJc9MKroUUfqBBauWjQqLJ2OPfmY0=
golang.org/x/xerrors v0.0.0-20191204190536-9bdfabe68543/go.mod h1:I/5z698sn9Ka8TeJc9MKroUUfqBBauWjQqLJ2OPfmY0=
google.golang.org/protobuf v1.26.0-rc.1/go.mod h1:jlhhOSvTdKEhbULTjvd4ARK9grFBp09yW+WbY/TyQbw=
google.golang.org/protobuf v1.26.0/go.mod h1:9q0QmTI4eRPtz6boOQmLYwt+qCgq0jsYwAQnmE0givc=
google.golang.org/protobuf v1.32.0 h1:pPC6BG5ex8PDFnkbrGU3EixyhKcQ2aDuBS36lqK/C7I=
google.golang.org/protobuf v1.32.0/go.mod h1:c6P6GXX6sHbq/GpV6MGZEdwhWPcYBgnhAHhKbcUYpos=
gopkg.in/check.v1 v0.0.0-20161208181325-20d25e280405/go.mod h1:Co6ibVJAznAaIkqp8huTwlJQCZ016jof/cbN4VW5Yz0=
gopkg.in/check.v1 v1.0.0-20180628173108-788fd7840127 h1:qIbj1fsPNlZgppZ+VLlY7N33q108Sa+fhmuc+sWQYwY=
gopkg.in/check.v1 v1.0.0-20180628173108-788fd7840127/go.mod h1:Co6ibVJAznAaIkqp8huTwlJQCZ016jof/cbN4VW5Yz0=
gopkg.in/errgo.v2 v2.1.0/go.mod h1:hNsd1EY+bozCKY1Ytp96fpM3vjJbqLJn88ws8XvfDNI=
gopkg.in/yaml.v2 v2.2.2/go.mod h1:hI93XBmqTisBFMUTm0b8Fm+jr3Dg1NNxqwp+5A1VGuI=
gopkg.in/yaml.v2 v2.2.8/go.mod h1:hI93XBmqTisBFMUTm0b8Fm+jr3Dg1NNxqwp+5A1VGuI=
gopkg.in/yaml.v2 v2.4.0 h1:D8xgwECY7CYvx+Y2n4sBz93Jn9JRvxdiyyo8CTfuKaY=
gopkg.in/yaml.v2 v2.4.0/go.mod h1:RDklbk79AGWmwhnvt/jBztapEOGDOx6ZbXqjP6csGnQ=
gopkg.in/yaml.v3 v3.0.0-20200313102051-9f266ea9e77c/go.mod h1:K4uyk7z7BCEPqu6E+C64Yfv1cQ7kz7rIZviUmN+EgEM=
gopkg.in/yaml.v3 v3.0.0-20210107192922-496545a6307b h1:h8qDotaEPuJATrMmW04NCwg7v22aHH28wwpauUhK9Oo=
gopkg.in/yaml.v3 v3.0.0-20210107192922-496545a6307b/go.mod h1:K4uyk7z7BCEPqu6E+C64Yfv1cQ7kz7rIZviUmN+EgEM=
gopkg.in/yaml.v3 v3.0.1 h1:fxVm/GzAzEWqLHuvctI91KS9hhNmmWOoWu0XTYJS7CA=
gopkg.in/yaml.v3 v3.0.1/go.mod h1:K4uyk7z7BCEPqu6E+C64Yfv1cQ7kz7rIZviUmN+EgEM=
honnef.co/go/tools v0.0.1-2019.2.3/go.mod h1:a3bituU0lyd329TUQxRnasdCoJDkEUEAqEt0JzvZhAg=
nullprogram.com/x/optparse v1.0.0/go.mod h1:KdyPE+Igbe0jQUrVfMqDMeJQIJZEuyV7pjYmp6pbG50=
rsc.io/pdf v0.1.1/go.mod h1:n8OzWcQ6Sp37PL01nO98y4iUCRdTGarVfzxY20ICaU4=
